{
  "name": "omc-core",
  "version": "1.0.0",
  "lockfileVersion": 3,
  "requires": true,
  "packages": {
    "": {
      "name": "omc-core",
      "version": "1.0.0",
      "license": "ISC",
      "dependencies": {
        "events": "^3.3.0",
        "hotkeys-js": "^3.13.15",
        "tapable": "^2.2.3"
      }
    },
    "node_modules/events": {
      "version": "3.3.0",
      "resolved": "https://registry.npmjs.org/events/-/events-3.3.0.tgz",
      "integrity": "sha512-mQw+2fkQbALzQ7V0MY0IqdnXNOeTtP4r0lN9z7AAawCXgqea7bDii20AYrIBrFd/Hx0M2Ocz6S111CaFkUcb0Q==",
      "license": "MIT",
      "engines": {
        "node": ">=0.8.x"
      }
    },
    "node_modules/hotkeys-js": {
      "version": "3.13.15",
      "resolved": "https://registry.npmjs.org/hotkeys-js/-/hotkeys-js-3.13.15.tgz",
      "integrity": "sha512-gHh8a/cPTCpanraePpjRxyIlxDFrIhYqjuh01UHWEwDpglJKCnvLW8kqSx5gQtOuSsJogNZXLhOdbSExpgUiqg==",
      "license": "MIT",
      "funding": {
        "url": "https://jaywcjlove.github.io/#/sponsor"
      }
    },
    "node_modules/tapable": {
      "version": "2.2.3",
      "resolved": "https://registry.npmjs.org/tapable/-/tapable-2.2.3.tgz",
      "integrity": "sha512-ZL6DDuAlRlLGghwcfmSn9sK3Hr6ArtyudlSAiCqQ6IfE+b+HHbydbYDIG15IfS5do+7XQQBdBiubF/cV2dnDzg==",
      "license": "MIT",
      "engines": {
        "node": ">=6"
      },
      "funding": {
        "type": "opencollective",
        "url": "https://opencollective.com/webpack"
      }
    }
  }
}
